
Microsoft Visual Studio Solution File, Format Version 12.00
# Visual Studio Version 17
VisualStudioVersion = 17.14.36518.9 d17.14
MinimumVisualStudioVersion = 10.0.40219.1
Project("{FAE04EC0-301F-11D3-BF4B-00C04F79EFBC}") = "SistemaPedidoOnline", "SistemaPedidoOnline\SistemaPedidoOnline.csproj", "{653803F4-E130-4504-A226-506C7927C24F}"
EndProject
Global
	GlobalSection(SolutionConfigurationPlatforms) = preSolution
		Debug|Any CPU = Debug|Any CPU
		Release|Any CPU = Release|Any CPU
	EndGlobalSection
	GlobalSection(ProjectConfigurationPlatforms) = postSolution
		{653803F4-E130-4504-A226-506C7927C24F}.Debug|Any CPU.ActiveCfg = Debug|Any CPU
		{653803F4-E130-4504-A226-506C7927C24F}.Debug|Any CPU.Build.0 = Debug|Any CPU
		{653803F4-E130-4504-A226-506C7927C24F}.Release|Any CPU.ActiveCfg = Release|Any CPU
		{653803F4-E130-4504-A226-506C7927C24F}.Release|Any CPU.Build.0 = Release|Any CPU
	EndGlobalSection
	GlobalSection(SolutionProperties) = preSolution
		HideSolutionNode = FALSE
	EndGlobalSection
	GlobalSection(ExtensibilityGlobals) = postSolution
		SolutionGuid = {A98EC278-09B9-4312-BFDC-9384E470BB16}
	EndGlobalSection
EndGlobal
